// !$*UTF8*$!
{
	archiveVersion = 1;
	classes = {
	};
	objectVersion = 42;
	objects = {

/* Begin PBXBuildFile section */
		753C34560844AE90009110EA /* x264Codec.r in Rez */ = {isa = PBXBuildFile; fileRef = 753C34550844AE90009110EA /* x264Codec.r */; };
		753C36020844B361009110EA /* x264Codec.exp in Resources */ = {isa = PBXBuildFile; fileRef = 753C36010844B361009110EA /* x264Codec.exp */; };
		753C377B0844BEF3009110EA /* libx264.a in Frameworks */ = {isa = PBXBuildFile; fileRef = 753C377A0844BEF3009110EA /* libx264.a */; };
		753C37840844BF10009110EA /* x264.h in Headers */ = {isa = PBXBuildFile; fileRef = 753C37830844BF10009110EA /* x264.h */; };
		753C38770844CAA0009110EA /* x264CodecVersion.h in Headers */ = {isa = PBXBuildFile; fileRef = 753C38760844CAA0009110EA /* x264CodecVersion.h */; };
		753C3D8E0844F5D5009110EA /* QuartzCore.framework in Frameworks */ = {isa = PBXBuildFile; fileRef = 753C3D8D0844F5D5009110EA /* QuartzCore.framework */; };
		753C3ECA08450A22009110EA /* CoreServices.framework in Frameworks */ = {isa = PBXBuildFile; fileRef = 753C3EC908450A22009110EA /* CoreServices.framework */; };
		75C3426D0841B50F00995352 /* QuickTime.framework in Frameworks */ = {isa = PBXBuildFile; fileRef = 75C3426C0841B50F00995352 /* QuickTime.framework */; };
		75C342980841B5E200995352 /* x264Codec.h in Headers */ = {isa = PBXBuildFile; fileRef = 75C342960841B5E200995352 /* x264Codec.h */; };
		75C342990841B5E200995352 /* x264Codec.c in Sources */ = {isa = PBXBuildFile; fileRef = 75C342970841B5E200995352 /* x264Codec.c */; };
		8D01CCC80486CAD60068D4B7 /* x264Codec_Prefix.pch in Headers */ = {isa = PBXBuildFile; fileRef = 32BAE0B30371A71500C91783 /* x264Codec_Prefix.pch */; };
		8D01CCCA0486CAD60068D4B7 /* InfoPlist.strings in Resources */ = {isa = PBXBuildFile; fileRef = 089C167DFE841241C02AAC07 /* InfoPlist.strings */; };
		8D01CCCE0486CAD60068D4B7 /* Carbon.framework in Frameworks */ = {isa = PBXBuildFile; fileRef = 08EA7FFBFE8413EDC02AAC07 /* Carbon.framework */; };
/* End PBXBuildFile section */

/* Begin PBXBuildStyle section */
		4F9091AC011F3BD104CA0E50 /* Development */ = {
			isa = PBXBuildStyle;
			buildSettings = {
				COPY_PHASE_STRIP = NO;
				DEBUGGING_SYMBOLS = YES;
				GCC_DYNAMIC_NO_PIC = NO;
				GCC_ENABLE_FIX_AND_CONTINUE = YES;
				GCC_GENERATE_DEBUGGING_SYMBOLS = YES;
				GCC_OPTIMIZATION_LEVEL = 0;
				OPTIMIZATION_CFLAGS = "-O0";
				ZERO_LINK = YES;
			};
			name = Development;
		};
		4F9091AD011F3BD104CA0E50 /* Deployment */ = {
			isa = PBXBuildStyle;
			buildSettings = {
				COPY_PHASE_STRIP = YES;
				GCC_ENABLE_FIX_AND_CONTINUE = NO;
				ZERO_LINK = NO;
			};
			name = Deployment;
		};
/* End PBXBuildStyle section */

/* Begin PBXFileReference section */
		089C167EFE841241C02AAC07 /* English */ = {isa = PBXFileReference; fileEncoding = 10; lastKnownFileType = text.plist.strings; name = English; path = English.lproj/InfoPlist.strings; sourceTree = "<group>"; };
		08EA7FFBFE8413EDC02AAC07 /* Carbon.framework */ = {isa = PBXFileReference; lastKnownFileType = wrapper.framework; name = Carbon.framework; path = /System/Library/Frameworks/Carbon.framework; sourceTree = "<absolute>"; };
		32BAE0B30371A71500C91783 /* x264Codec_Prefix.pch */ = {isa = PBXFileReference; fileEncoding = 4; lastKnownFileType = sourcecode.c.h; path = x264Codec_Prefix.pch; sourceTree = "<group>"; };
		753C34550844AE90009110EA /* x264Codec.r */ = {isa = PBXFileReference; fileEncoding = 30; lastKnownFileType = sourcecode.rez; path = x264Codec.r; sourceTree = "<group>"; };
		753C36010844B361009110EA /* x264Codec.exp */ = {isa = PBXFileReference; explicitFileType = sourcecode.exports; fileEncoding = 4; path = x264Codec.exp; sourceTree = "<group>"; };
		753C377A0844BEF3009110EA /* libx264.a */ = {isa = PBXFileReference; lastKnownFileType = archive.ar; name = libx264.a; path = x264/libx264.a; sourceTree = SOURCE_ROOT; };
		753C37830844BF10009110EA /* x264.h */ = {isa = PBXFileReference; fileEncoding = 30; lastKnownFileType = sourcecode.c.h; name = x264.h; path = x264/x264.h; sourceTree = SOURCE_ROOT; };
		753C38760844CAA0009110EA /* x264CodecVersion.h */ = {isa = PBXFileReference; fileEncoding = 4; lastKnownFileType = sourcecode.c.h; path = x264CodecVersion.h; sourceTree = "<group>"; };
		753C3D8D0844F5D5009110EA /* QuartzCore.framework */ = {isa = PBXFileReference; lastKnownFileType = wrapper.framework; name = QuartzCore.framework; path = /System/Library/Frameworks/QuartzCore.framework; sourceTree = "<absolute>"; };
		753C3EC908450A22009110EA /* CoreServices.framework */ = {isa = PBXFileReference; lastKnownFileType = wrapper.framework; name = CoreServices.framework; path = /System/Library/Frameworks/CoreServices.framework; sourceTree = "<absolute>"; };
		75C3426C0841B50F00995352 /* QuickTime.framework */ = {isa = PBXFileReference; lastKnownFileType = wrapper.framework; name = QuickTime.framework; path = /System/Library/Frameworks/QuickTime.framework; sourceTree = "<absolute>"; };
		75C342960841B5E200995352 /* x264Codec.h */ = {isa = PBXFileReference; fileEncoding = 4; lastKnownFileType = sourcecode.c.h; path = x264Codec.h; sourceTree = "<group>"; };
		75C342970841B5E200995352 /* x264Codec.c */ = {isa = PBXFileReference; fileEncoding = 4; lastKnownFileType = sourcecode.c.c; path = x264Codec.c; sourceTree = "<group>"; };
		8D01CCD10486CAD60068D4B7 /* Info.plist */ = {isa = PBXFileReference; fileEncoding = 4; lastKnownFileType = text.plist; path = Info.plist; sourceTree = "<group>"; };
		8D01CCD20486CAD60068D4B7 /* x264Codec.component */ = {isa = PBXFileReference; explicitFileType = wrapper.cfbundle; includeInIndex = 0; path = x264Codec.component; sourceTree = BUILT_PRODUCTS_DIR; };
/* End PBXFileReference section */

/* Begin PBXFrameworksBuildPhase section */
		8D01CCCD0486CAD60068D4B7 /* Frameworks */ = {
			isa = PBXFrameworksBuildPhase;
			buildActionMask = 2147483647;
			files = (
				8D01CCCE0486CAD60068D4B7 /* Carbon.framework in Frameworks */,
				75C3426D0841B50F00995352 /* QuickTime.framework in Frameworks */,
				753C377B0844BEF3009110EA /* libx264.a in Frameworks */,
				753C3D8E0844F5D5009110EA /* QuartzCore.framework in Frameworks */,
				753C3ECA08450A22009110EA /* CoreServices.framework in Frameworks */,
			);
			runOnlyForDeploymentPostprocessing = 0;
		};
/* End PBXFrameworksBuildPhase section */

/* Begin PBXGroup section */
		089C166AFE841209C02AAC07 /* x264Codec */ = {
			isa = PBXGroup;
			children = (
				08FB77ADFE841716C02AAC07 /* Source */,
				089C167CFE841241C02AAC07 /* Resources */,
				089C1671FE841209C02AAC07 /* External Frameworks and Libraries */,
				19C28FB4FE9D528D11CA2CBB /* Products */,
			);
			name = x264Codec;
			sourceTree = "<group>";
		};
		089C1671FE841209C02AAC07 /* External Frameworks and Libraries */ = {
			isa = PBXGroup;
			children = (
				753C377F0844BF04009110EA /* x264 */,
				08EA7FFBFE8413EDC02AAC07 /* Carbon.framework */,
				753C3EC908450A22009110EA /* CoreServices.framework */,
				753C3D8D0844F5D5009110EA /* QuartzCore.framework */,
				75C3426C0841B50F00995352 /* QuickTime.framework */,
			);
			name = "External Frameworks and Libraries";
			sourceTree = "<group>";
		};
		089C167CFE841241C02AAC07 /* Resources */ = {
			isa = PBXGroup;
			children = (
				8D01CCD10486CAD60068D4B7 /* Info.plist */,
				089C167DFE841241C02AAC07 /* InfoPlist.strings */,
			);
			name = Resources;
			sourceTree = "<group>";
		};
		08FB77ADFE841716C02AAC07 /* Source */ = {
			isa = PBXGroup;
			children = (
				753C38760844CAA0009110EA /* x264CodecVersion.h */,
				75C342960841B5E200995352 /* x264Codec.h */,
				75C342970841B5E200995352 /* x264Codec.c */,
				753C36010844B361009110EA /* x264Codec.exp */,
				753C34550844AE90009110EA /* x264Codec.r */,
				32BAE0B30371A71500C91783 /* x264Codec_Prefix.pch */,
			);
			name = Source;
			sourceTree = "<group>";
		};
		19C28FB4FE9D528D11CA2CBB /* Products */ = {
			isa = PBXGroup;
			children = (
				8D01CCD20486CAD60068D4B7 /* x264Codec.component */,
			);
			name = Products;
			sourceTree = "<group>";
		};
		753C377F0844BF04009110EA /* x264 */ = {
			isa = PBXGroup;
			children = (
				753C377A0844BEF3009110EA /* libx264.a */,
				753C37830844BF10009110EA /* x264.h */,
			);
			name = x264;
			sourceTree = "<group>";
		};
/* End PBXGroup section */

/* Begin PBXHeadersBuildPhase section */
		8D01CCC70486CAD60068D4B7 /* Headers */ = {
			isa = PBXHeadersBuildPhase;
			buildActionMask = 2147483647;
			files = (
				8D01CCC80486CAD60068D4B7 /* x264Codec_Prefix.pch in Headers */,
				75C342980841B5E200995352 /* x264Codec.h in Headers */,
				753C37840844BF10009110EA /* x264.h in Headers */,
				753C38770844CAA0009110EA /* x264CodecVersion.h in Headers */,
			);
			runOnlyForDeploymentPostprocessing = 0;
		};
/* End PBXHeadersBuildPhase section */

/* Begin PBXNativeTarget section */
		8D01CCC60486CAD60068D4B7 /* x264Codec */ = {
			isa = PBXNativeTarget;
			buildConfigurationList = 75F8775508C25C5400B6CEAC /* Build configuration list for PBXNativeTarget "x264Codec" */;
			buildPhases = (
				8D01CCC70486CAD60068D4B7 /* Headers */,
				8D01CCC90486CAD60068D4B7 /* Resources */,
				8D01CCCB0486CAD60068D4B7 /* Sources */,
				8D01CCCD0486CAD60068D4B7 /* Frameworks */,
				8D01CCCF0486CAD60068D4B7 /* Rez */,
			);
			buildRules = (
			);
			buildSettings = {
				EXPORTED_SYMBOLS_FILE = x264Codec.exp;
				FRAMEWORK_SEARCH_PATHS = "";
				GCC_ENABLE_TRIGRAPHS = NO;
				GCC_GENERATE_DEBUGGING_SYMBOLS = NO;
				GCC_PRECOMPILE_PREFIX_HEADER = YES;
				GCC_PREFIX_HEADER = x264Codec_Prefix.pch;
				GCC_WARN_ABOUT_MISSING_PROTOTYPES = NO;
				GCC_WARN_FOUR_CHARACTER_CONSTANTS = NO;
				GCC_WARN_UNKNOWN_PRAGMAS = NO;
				HEADER_SEARCH_PATHS = "";
				INFOPLIST_FILE = Info.plist;
				INSTALL_PATH = /Library/QuickTime;
				LIBRARY_SEARCH_PATHS = /Users/hmason/projects/x264Codec/x264;
				LIBRARY_STYLE = Bundle;
				OTHER_CFLAGS = "";
				OTHER_LDFLAGS = "";
				OTHER_REZFLAGS = "";
				PRODUCT_NAME = x264Codec;
				SECTORDER_FLAGS = "";
				WARNING_CFLAGS = (
					"-Wmost",
					"-Wno-four-char-constants",
					"-Wno-unknown-pragmas",
				);
				WRAPPER_EXTENSION = component;
			};
			dependencies = (
			);
			name = x264Codec;
			productInstallPath = "$(HOME)/Library/QuickTime";
			productName = x264Codec;
			productReference = 8D01CCD20486CAD60068D4B7 /* x264Codec.component */;
			productType = "com.apple.product-type.bundle";
		};
/* End PBXNativeTarget section */

/* Begin PBXProject section */
		089C1669FE841209C02AAC07 /* Project object */ = {
			isa = PBXProject;
			buildConfigurationList = 75F8775908C25C5400B6CEAC /* Build configuration list for PBXProject "x264Codec" */;
			buildSettings = {
			};
			buildStyles = (
				4F9091AC011F3BD104CA0E50 /* Development */,
				4F9091AD011F3BD104CA0E50 /* Deployment */,
			);
			hasScannedForEncodings = 1;
			mainGroup = 089C166AFE841209C02AAC07 /* x264Codec */;
			projectDirPath = "";
			targets = (
				8D01CCC60486CAD60068D4B7 /* x264Codec */,
			);
		};
/* End PBXProject section */

/* Begin PBXResourcesBuildPhase section */
		8D01CCC90486CAD60068D4B7 /* Resources */ = {
			isa = PBXResourcesBuildPhase;
			buildActionMask = 2147483647;
			files = (
				753C36020844B361009110EA /* x264Codec.exp in Resources */,
				8D01CCCA0486CAD60068D4B7 /* InfoPlist.strings in Resources */,
			);
			runOnlyForDeploymentPostprocessing = 0;
		};
/* End PBXResourcesBuildPhase section */

/* Begin PBXRezBuildPhase section */
		8D01CCCF0486CAD60068D4B7 /* Rez */ = {
			isa = PBXRezBuildPhase;
			buildActionMask = 2147483647;
			files = (
				753C34560844AE90009110EA /* x264Codec.r in Rez */,
			);
			runOnlyForDeploymentPostprocessing = 0;
		};
/* End PBXRezBuildPhase section */

/* Begin PBXSourcesBuildPhase section */
		8D01CCCB0486CAD60068D4B7 /* Sources */ = {
			isa = PBXSourcesBuildPhase;
			buildActionMask = 2147483647;
			files = (
				75C342990841B5E200995352 /* x264Codec.c in Sources */,
			);
			runOnlyForDeploymentPostprocessing = 0;
		};
/* End PBXSourcesBuildPhase section */

/* Begin PBXVariantGroup section */
		089C167DFE841241C02AAC07 /* InfoPlist.strings */ = {
			isa = PBXVariantGroup;
			children = (
				089C167EFE841241C02AAC07 /* English */,
			);
			name = InfoPlist.strings;
			sourceTree = "<group>";
		};
/* End PBXVariantGroup section */

/* Begin XCBuildConfiguration section */
		75F8775608C25C5400B6CEAC /* Development */ = {
			isa = XCBuildConfiguration;
			buildSettings = {
				COPY_PHASE_STRIP = NO;
				DEBUGGING_SYMBOLS = YES;
				EXPORTED_SYMBOLS_FILE = x264Codec.exp;
				FRAMEWORK_SEARCH_PATHS = "";
				GCC_DYNAMIC_NO_PIC = NO;
				GCC_ENABLE_FIX_AND_CONTINUE = YES;
				GCC_ENABLE_TRIGRAPHS = NO;
				GCC_GENERATE_DEBUGGING_SYMBOLS = YES;
				GCC_OPTIMIZATION_LEVEL = 0;
				GCC_PRECOMPILE_PREFIX_HEADER = YES;
				GCC_PREFIX_HEADER = x264Codec_Prefix.pch;
				GCC_WARN_ABOUT_MISSING_PROTOTYPES = NO;
				GCC_WARN_FOUR_CHARACTER_CONSTANTS = NO;
				GCC_WARN_UNKNOWN_PRAGMAS = NO;
				HEADER_SEARCH_PATHS = "";
				INFOPLIST_FILE = Info.plist;
				INSTALL_PATH = /Library/QuickTime;
				LIBRARY_SEARCH_PATHS = /Users/hmason/projects/x264Codec/x264;
				LIBRARY_STYLE = Bundle;
				OPTIMIZATION_CFLAGS = "-O0";
				OTHER_CFLAGS = "";
				OTHER_LDFLAGS = "";
				OTHER_REZFLAGS = "";
				PRODUCT_NAME = x264Codec;
				SECTORDER_FLAGS = "";
				WARNING_CFLAGS = (
					"-Wmost",
					"-Wno-four-char-constants",
					"-Wno-unknown-pragmas",
				);
				WRAPPER_EXTENSION = component;
				ZERO_LINK = YES;
			};
			name = Development;
		};
		75F8775708C25C5400B6CEAC /* Deployment */ = {
			isa = XCBuildConfiguration;
			buildSettings = {
				COPY_PHASE_STRIP = YES;
				EXPORTED_SYMBOLS_FILE = x264Codec.exp;
				FRAMEWORK_SEARCH_PATHS = "";
				GCC_ENABLE_FIX_AND_CONTINUE = NO;
				GCC_ENABLE_TRIGRAPHS = NO;
				GCC_GENERATE_DEBUGGING_SYMBOLS = NO;
				GCC_PRECOMPILE_PREFIX_HEADER = YES;
				GCC_PREFIX_HEADER = x264Codec_Prefix.pch;
				GCC_WARN_ABOUT_MISSING_PROTOTYPES = NO;
				GCC_WARN_FOUR_CHARACTER_CONSTANTS = NO;
				GCC_WARN_UNKNOWN_PRAGMAS = NO;
				HEADER_SEARCH_PATHS = "";
				INFOPLIST_FILE = Info.plist;
				INSTALL_PATH = /Library/QuickTime;
				LIBRARY_SEARCH_PATHS = /Users/hmason/projects/x264Codec/x264;
				LIBRARY_STYLE = Bundle;
				OTHER_CFLAGS = "";
				OTHER_LDFLAGS = "";
				OTHER_REZFLAGS = "";
				PRODUCT_NAME = x264Codec;
				SECTORDER_FLAGS = "";
				WARNING_CFLAGS = (
					"-Wmost",
					"-Wno-four-char-constants",
					"-Wno-unknown-pragmas",
				);
				WRAPPER_EXTENSION = component;
				ZERO_LINK = NO;
			};
			name = Deployment;
		};
		75F8775808C25C5400B6CEAC /* Default */ = {
			isa = XCBuildConfiguration;
			buildSettings = {
				EXPORTED_SYMBOLS_FILE = x264Codec.exp;
				FRAMEWORK_SEARCH_PATHS = "";
				GCC_ENABLE_TRIGRAPHS = NO;
				GCC_GENERATE_DEBUGGING_SYMBOLS = NO;
				GCC_PRECOMPILE_PREFIX_HEADER = YES;
				GCC_PREFIX_HEADER = x264Codec_Prefix.pch;
				GCC_WARN_ABOUT_MISSING_PROTOTYPES = NO;
				GCC_WARN_FOUR_CHARACTER_CONSTANTS = NO;
				GCC_WARN_UNKNOWN_PRAGMAS = NO;
				HEADER_SEARCH_PATHS = "";
				INFOPLIST_FILE = Info.plist;
				INSTALL_PATH = /Library/QuickTime;
				LIBRARY_SEARCH_PATHS = /Users/hmason/projects/x264Codec/x264;
				LIBRARY_STYLE = Bundle;
				OTHER_CFLAGS = "";
				OTHER_LDFLAGS = "";
				OTHER_REZFLAGS = "";
				PRODUCT_NAME = x264Codec;
				SECTORDER_FLAGS = "";
				WARNING_CFLAGS = (
					"-Wmost",
					"-Wno-four-char-constants",
					"-Wno-unknown-pragmas",
				);
				WRAPPER_EXTENSION = component;
			};
			name = Default;
		};
		75F8775A08C25C5400B6CEAC /* Development */ = {
			isa = XCBuildConfiguration;
			buildSettings = {
			};
			name = Development;
		};
		75F8775B08C25C5400B6CEAC /* Deployment */ = {
			isa = XCBuildConfiguration;
			buildSettings = {
			};
			name = Deployment;
		};
		75F8775C08C25C5400B6CEAC /* Default */ = {
			isa = XCBuildConfiguration;
			buildSettings = {
			};
			name = Default;
		};
/* End XCBuildConfiguration section */

/* Begin XCConfigurationList section */
		75F8775508C25C5400B6CEAC /* Build configuration list for PBXNativeTarget "x264Codec" */ = {
			isa = XCConfigurationList;
			buildConfigurations = (
				75F8775608C25C5400B6CEAC /* Development */,
				75F8775708C25C5400B6CEAC /* Deployment */,
				75F8775808C25C5400B6CEAC /* Default */,
			);
			defaultConfigurationIsVisible = 0;
			defaultConfigurationName = Default;
		};
		75F8775908C25C5400B6CEAC /* Build configuration list for PBXProject "x264Codec" */ = {
			isa = XCConfigurationList;
			buildConfigurations = (
				75F8775A08C25C5400B6CEAC /* Development */,
				75F8775B08C25C5400B6CEAC /* Deployment */,
				75F8775C08C25C5400B6CEAC /* Default */,
			);
			defaultConfigurationIsVisible = 0;
			defaultConfigurationName = Default;
		};
/* End XCConfigurationList section */
	};
	rootObject = 089C1669FE841209C02AAC07 /* Project object */;
}
